
Microsoft Visual Studio Solution File, Format Version 12.00
# Visual Studio 2013
VisualStudioVersion = 12.0.40629.0
MinimumVisualStudioVersion = 10.0.40219.1
Project("{8BC9CEB8-8B4A-11D0-8D11-00A0C91BC942}") = "Sirifef", "Sirifef\Sirifef.vcxproj", "{D1ABCAB4-EB4C-442A-B20F-678130D185C9}"
EndProject
Project("{8BC9CEB8-8B4A-11D0-8D11-00A0C91BC942}") = "Sirifef Package", "Sirifef Package\Sirifef Package.vcxproj", "{D15FE5B0-75D3-407D-A9CE-77F0EB38588F}"
	ProjectSection(ProjectDependencies) = postProject
		{D1ABCAB4-EB4C-442A-B20F-678130D185C9} = {D1ABCAB4-EB4C-442A-B20F-678130D185C9}
	EndProjectSection
EndProject
Project("{8BC9CEB8-8B4A-11D0-8D11-00A0C91BC942}") = "SirifefHash", "SirifefHash\SirifefHash.vcxproj", "{036647AC-824C-4111-8349-444414F7750A}"
EndProject
Project("{8BC9CEB8-8B4A-11D0-8D11-00A0C91BC942}") = "MyDLL", "MyDLL\MyDLL.vcxproj", "{73CC87B1-96A5-4AAD-BBC4-DF8656EEA825}"
EndProject
Global
	GlobalSection(SolutionConfigurationPlatforms) = preSolution
		Debug|Win32 = Debug|Win32
		Debug|x64 = Debug|x64
		Release|Win32 = Release|Win32
		Release|x64 = Release|x64
		Win7 Debug|Win32 = Win7 Debug|Win32
		Win7 Debug|x64 = Win7 Debug|x64
		Win7 Release|Win32 = Win7 Release|Win32
		Win7 Release|x64 = Win7 Release|x64
		Win8 Debug|Win32 = Win8 Debug|Win32
		Win8 Debug|x64 = Win8 Debug|x64
		Win8 Release|Win32 = Win8 Release|Win32
		Win8 Release|x64 = Win8 Release|x64
		Win8.1 Debug|Win32 = Win8.1 Debug|Win32
		Win8.1 Debug|x64 = Win8.1 Debug|x64
		Win8.1 Release|Win32 = Win8.1 Release|Win32
		Win8.1 Release|x64 = Win8.1 Release|x64
	EndGlobalSection
	GlobalSection(ProjectConfigurationPlatforms) = postSolution
		{D1ABCAB4-EB4C-442A-B20F-678130D185C9}.Debug|Win32.ActiveCfg = Win8.1 Debug|Win32
		{D1ABCAB4-EB4C-442A-B20F-678130D185C9}.Debug|Win32.Build.0 = Win8.1 Debug|Win32
		{D1ABCAB4-EB4C-442A-B20F-678130D185C9}.Debug|Win32.Deploy.0 = Win8.1 Debug|Win32
		{D1ABCAB4-EB4C-442A-B20F-678130D185C9}.Debug|x64.ActiveCfg = Win8.1 Debug|x64
		{D1ABCAB4-EB4C-442A-B20F-678130D185C9}.Debug|x64.Build.0 = Win8.1 Debug|x64
		{D1ABCAB4-EB4C-442A-B20F-678130D185C9}.Debug|x64.Deploy.0 = Win8.1 Debug|x64
		{D1ABCAB4-EB4C-442A-B20F-678130D185C9}.Release|Win32.ActiveCfg = Win8.1 Release|Win32
		{D1ABCAB4-EB4C-442A-B20F-678130D185C9}.Release|Win32.Build.0 = Win8.1 Release|Win32
		{D1ABCAB4-EB4C-442A-B20F-678130D185C9}.Release|Win32.Deploy.0 = Win8.1 Release|Win32
		{D1ABCAB4-EB4C-442A-B20F-678130D185C9}.Release|x64.ActiveCfg = Win8.1 Release|x64
		{D1ABCAB4-EB4C-442A-B20F-678130D185C9}.Release|x64.Build.0 = Win8.1 Release|x64
		{D1ABCAB4-EB4C-442A-B20F-678130D185C9}.Release|x64.Deploy.0 = Win8.1 Release|x64
		{D1ABCAB4-EB4C-442A-B20F-678130D185C9}.Win7 Debug|Win32.ActiveCfg = Win7 Debug|Win32
		{D1ABCAB4-EB4C-442A-B20F-678130D185C9}.Win7 Debug|Win32.Build.0 = Win7 Debug|Win32
		{D1ABCAB4-EB4C-442A-B20F-678130D185C9}.Win7 Debug|Win32.Deploy.0 = Win7 Debug|Win32
		{D1ABCAB4-EB4C-442A-B20F-678130D185C9}.Win7 Debug|x64.ActiveCfg = Win7 Debug|x64
		{D1ABCAB4-EB4C-442A-B20F-678130D185C9}.Win7 Debug|x64.Build.0 = Win7 Debug|x64
		{D1ABCAB4-EB4C-442A-B20F-678130D185C9}.Win7 Debug|x64.Deploy.0 = Win7 Debug|x64
		{D1ABCAB4-EB4C-442A-B20F-678130D185C9}.Win7 Release|Win32.ActiveCfg = Win7 Release|Win32
		{D1ABCAB4-EB4C-442A-B20F-678130D185C9}.Win7 Release|Win32.Build.0 = Win7 Release|Win32
		{D1ABCAB4-EB4C-442A-B20F-678130D185C9}.Win7 Release|Win32.Deploy.0 = Win7 Release|Win32
		{D1ABCAB4-EB4C-442A-B20F-678130D185C9}.Win7 Release|x64.ActiveCfg = Win7 Release|x64
		{D1ABCAB4-EB4C-442A-B20F-678130D185C9}.Win7 Release|x64.Build.0 = Win7 Release|x64
		{D1ABCAB4-EB4C-442A-B20F-678130D185C9}.Win7 Release|x64.Deploy.0 = Win7 Release|x64
		{D1ABCAB4-EB4C-442A-B20F-678130D185C9}.Win8 Debug|Win32.ActiveCfg = Win8 Debug|Win32
		{D1ABCAB4-EB4C-442A-B20F-678130D185C9}.Win8 Debug|Win32.Build.0 = Win8 Debug|Win32
		{D1ABCAB4-EB4C-442A-B20F-678130D185C9}.Win8 Debug|Win32.Deploy.0 = Win8 Debug|Win32
		{D1ABCAB4-EB4C-442A-B20F-678130D185C9}.Win8 Debug|x64.ActiveCfg = Win8 Debug|x64
		{D1ABCAB4-EB4C-442A-B20F-678130D185C9}.Win8 Debug|x64.Build.0 = Win8 Debug|x64
		{D1ABCAB4-EB4C-442A-B20F-678130D185C9}.Win8 Debug|x64.Deploy.0 = Win8 Debug|x64
		{D1ABCAB4-EB4C-442A-B20F-678130D185C9}.Win8 Release|Win32.ActiveCfg = Win8 Release|Win32
		{D1ABCAB4-EB4C-442A-B20F-678130D185C9}.Win8 Release|Win32.Build.0 = Win8 Release|Win32
		{D1ABCAB4-EB4C-442A-B20F-678130D185C9}.Win8 Release|Win32.Deploy.0 = Win8 Release|Win32
		{D1ABCAB4-EB4C-442A-B20F-678130D185C9}.Win8 Release|x64.ActiveCfg = Win8 Release|x64
		{D1ABCAB4-EB4C-442A-B20F-678130D185C9}.Win8 Release|x64.Build.0 = Win8 Release|x64
		{D1ABCAB4-EB4C-442A-B20F-678130D185C9}.Win8 Release|x64.Deploy.0 = Win8 Release|x64
		{D1ABCAB4-EB4C-442A-B20F-678130D185C9}.Win8.1 Debug|Win32.ActiveCfg = Win8.1 Debug|Win32
		{D1ABCAB4-EB4C-442A-B20F-678130D185C9}.Win8.1 Debug|Win32.Build.0 = Win8.1 Debug|Win32
		{D1ABCAB4-EB4C-442A-B20F-678130D185C9}.Win8.1 Debug|Win32.Deploy.0 = Win8.1 Debug|Win32
		{D1ABCAB4-EB4C-442A-B20F-678130D185C9}.Win8.1 Debug|x64.ActiveCfg = Win8.1 Debug|x64
		{D1ABCAB4-EB4C-442A-B20F-678130D185C9}.Win8.1 Debug|x64.Build.0 = Win8.1 Debug|x64
		{D1ABCAB4-EB4C-442A-B20F-678130D185C9}.Win8.1 Debug|x64.Deploy.0 = Win8.1 Debug|x64
		{D1ABCAB4-EB4C-442A-B20F-678130D185C9}.Win8.1 Release|Win32.ActiveCfg = Win8.1 Release|Win32
		{D1ABCAB4-EB4C-442A-B20F-678130D185C9}.Win8.1 Release|Win32.Build.0 = Win8.1 Release|Win32
		{D1ABCAB4-EB4C-442A-B20F-678130D185C9}.Win8.1 Release|Win32.Deploy.0 = Win8.1 Release|Win32
		{D1ABCAB4-EB4C-442A-B20F-678130D185C9}.Win8.1 Release|x64.ActiveCfg = Win8.1 Release|x64
		{D1ABCAB4-EB4C-442A-B20F-678130D185C9}.Win8.1 Release|x64.Build.0 = Win8.1 Release|x64
		{D1ABCAB4-EB4C-442A-B20F-678130D185C9}.Win8.1 Release|x64.Deploy.0 = Win8.1 Release|x64
		{D15FE5B0-75D3-407D-A9CE-77F0EB38588F}.Debug|Win32.ActiveCfg = Win8.1 Debug|Win32
		{D15FE5B0-75D3-407D-A9CE-77F0EB38588F}.Debug|Win32.Build.0 = Win8.1 Debug|Win32
		{D15FE5B0-75D3-407D-A9CE-77F0EB38588F}.Debug|Win32.Deploy.0 = Win8.1 Debug|Win32
		{D15FE5B0-75D3-407D-A9CE-77F0EB38588F}.Debug|x64.ActiveCfg = Win8.1 Debug|x64
		{D15FE5B0-75D3-407D-A9CE-77F0EB38588F}.Debug|x64.Build.0 = Win8.1 Debug|x64
		{D15FE5B0-75D3-407D-A9CE-77F0EB38588F}.Debug|x64.Deploy.0 = Win8.1 Debug|x64
		{D15FE5B0-75D3-407D-A9CE-77F0EB38588F}.Release|Win32.ActiveCfg = Win8.1 Release|Win32
		{D15FE5B0-75D3-407D-A9CE-77F0EB38588F}.Release|Win32.Build.0 = Win8.1 Release|Win32
		{D15FE5B0-75D3-407D-A9CE-77F0EB38588F}.Release|Win32.Deploy.0 = Win8.1 Release|Win32
		{D15FE5B0-75D3-407D-A9CE-77F0EB38588F}.Release|x64.ActiveCfg = Win8.1 Release|x64
		{D15FE5B0-75D3-407D-A9CE-77F0EB38588F}.Release|x64.Build.0 = Win8.1 Release|x64
		{D15FE5B0-75D3-407D-A9CE-77F0EB38588F}.Release|x64.Deploy.0 = Win8.1 Release|x64
		{D15FE5B0-75D3-407D-A9CE-77F0EB38588F}.Win7 Debug|Win32.ActiveCfg = Win7 Debug|Win32
		{D15FE5B0-75D3-407D-A9CE-77F0EB38588F}.Win7 Debug|Win32.Build.0 = Win7 Debug|Win32
		{D15FE5B0-75D3-407D-A9CE-77F0EB38588F}.Win7 Debug|Win32.Deploy.0 = Win7 Debug|Win32
		{D15FE5B0-75D3-407D-A9CE-77F0EB38588F}.Win7 Debug|x64.ActiveCfg = Win7 Debug|x64
		{D15FE5B0-75D3-407D-A9CE-77F0EB38588F}.Win7 Debug|x64.Build.0 = Win7 Debug|x64
		{D15FE5B0-75D3-407D-A9CE-77F0EB38588F}.Win7 Debug|x64.Deploy.0 = Win7 Debug|x64
		{D15FE5B0-75D3-407D-A9CE-77F0EB38588F}.Win7 Release|Win32.ActiveCfg = Win7 Release|Win32
		{D15FE5B0-75D3-407D-A9CE-77F0EB38588F}.Win7 Release|Win32.Build.0 = Win7 Release|Win32
		{D15FE5B0-75D3-407D-A9CE-77F0EB38588F}.Win7 Release|Win32.Deploy.0 = Win7 Release|Win32
		{D15FE5B0-75D3-407D-A9CE-77F0EB38588F}.Win7 Release|x64.ActiveCfg = Win7 Release|x64
		{D15FE5B0-75D3-407D-A9CE-77F0EB38588F}.Win7 Release|x64.Build.0 = Win7 Release|x64
		{D15FE5B0-75D3-407D-A9CE-77F0EB38588F}.Win7 Release|x64.Deploy.0 = Win7 Release|x64
		{D15FE5B0-75D3-407D-A9CE-77F0EB38588F}.Win8 Debug|Win32.ActiveCfg = Win8 Debug|Win32
		{D15FE5B0-75D3-407D-A9CE-77F0EB38588F}.Win8 Debug|Win32.Build.0 = Win8 Debug|Win32
		{D15FE5B0-75D3-407D-A9CE-77F0EB38588F}.Win8 Debug|Win32.Deploy.0 = Win8 Debug|Win32
		{D15FE5B0-75D3-407D-A9CE-77F0EB38588F}.Win8 Debug|x64.ActiveCfg = Win8 Debug|x64
		{D15FE5B0-75D3-407D-A9CE-77F0EB38588F}.Win8 Debug|x64.Build.0 = Win8 Debug|x64
		{D15FE5B0-75D3-407D-A9CE-77F0EB38588F}.Win8 Debug|x64.Deploy.0 = Win8 Debug|x64
		{D15FE5B0-75D3-407D-A9CE-77F0EB38588F}.Win8 Release|Win32.ActiveCfg = Win8 Release|Win32
		{D15FE5B0-75D3-407D-A9CE-77F0EB38588F}.Win8 Release|Win32.Build.0 = Win8 Release|Win32
		{D15FE5B0-75D3-407D-A9CE-77F0EB38588F}.Win8 Release|Win32.Deploy.0 = Win8 Release|Win32
		{D15FE5B0-75D3-407D-A9CE-77F0EB38588F}.Win8 Release|x64.ActiveCfg = Win8 Release|x64
		{D15FE5B0-75D3-407D-A9CE-77F0EB38588F}.Win8 Release|x64.Build.0 = Win8 Release|x64
		{D15FE5B0-75D3-407D-A9CE-77F0EB38588F}.Win8 Release|x64.Deploy.0 = Win8 Release|x64
		{D15FE5B0-75D3-407D-A9CE-77F0EB38588F}.Win8.1 Debug|Win32.ActiveCfg = Win8.1 Debug|Win32
		{D15FE5B0-75D3-407D-A9CE-77F0EB38588F}.Win8.1 Debug|Win32.Build.0 = Win8.1 Debug|Win32
		{D15FE5B0-75D3-407D-A9CE-77F0EB38588F}.Win8.1 Debug|Win32.Deploy.0 = Win8.1 Debug|Win32
		{D15FE5B0-75D3-407D-A9CE-77F0EB38588F}.Win8.1 Debug|x64.ActiveCfg = Win8.1 Debug|x64
		{D15FE5B0-75D3-407D-A9CE-77F0EB38588F}.Win8.1 Debug|x64.Build.0 = Win8.1 Debug|x64
		{D15FE5B0-75D3-407D-A9CE-77F0EB38588F}.Win8.1 Debug|x64.Deploy.0 = Win8.1 Debug|x64
		{D15FE5B0-75D3-407D-A9CE-77F0EB38588F}.Win8.1 Release|Win32.ActiveCfg = Win8.1 Release|Win32
		{D15FE5B0-75D3-407D-A9CE-77F0EB38588F}.Win8.1 Release|Win32.Build.0 = Win8.1 Release|Win32
		{D15FE5B0-75D3-407D-A9CE-77F0EB38588F}.Win8.1 Release|Win32.Deploy.0 = Win8.1 Release|Win32
		{D15FE5B0-75D3-407D-A9CE-77F0EB38588F}.Win8.1 Release|x64.ActiveCfg = Win8.1 Release|x64
		{D15FE5B0-75D3-407D-A9CE-77F0EB38588F}.Win8.1 Release|x64.Build.0 = Win8.1 Release|x64
		{D15FE5B0-75D3-407D-A9CE-77F0EB38588F}.Win8.1 Release|x64.Deploy.0 = Win8.1 Release|x64
		{036647AC-824C-4111-8349-444414F7750A}.Debug|Win32.ActiveCfg = Debug|Win32
		{036647AC-824C-4111-8349-444414F7750A}.Debug|Win32.Build.0 = Debug|Win32
		{036647AC-824C-4111-8349-444414F7750A}.Debug|Win32.Deploy.0 = Debug|Win32
		{036647AC-824C-4111-8349-444414F7750A}.Debug|x64.ActiveCfg = Debug|Win32
		{036647AC-824C-4111-8349-444414F7750A}.Release|Win32.ActiveCfg = Release|Win32
		{036647AC-824C-4111-8349-444414F7750A}.Release|Win32.Build.0 = Release|Win32
		{036647AC-824C-4111-8349-444414F7750A}.Release|Win32.Deploy.0 = Release|Win32
		{036647AC-824C-4111-8349-444414F7750A}.Release|x64.ActiveCfg = Release|Win32
		{036647AC-824C-4111-8349-444414F7750A}.Win7 Debug|Win32.ActiveCfg = Debug|Win32
		{036647AC-824C-4111-8349-444414F7750A}.Win7 Debug|Win32.Build.0 = Debug|Win32
		{036647AC-824C-4111-8349-444414F7750A}.Win7 Debug|Win32.Deploy.0 = Debug|Win32
		{036647AC-824C-4111-8349-444414F7750A}.Win7 Debug|x64.ActiveCfg = Debug|Win32
		{036647AC-824C-4111-8349-444414F7750A}.Win7 Release|Win32.ActiveCfg = Release|Win32
		{036647AC-824C-4111-8349-444414F7750A}.Win7 Release|Win32.Build.0 = Release|Win32
		{036647AC-824C-4111-8349-444414F7750A}.Win7 Release|Win32.Deploy.0 = Release|Win32
		{036647AC-824C-4111-8349-444414F7750A}.Win7 Release|x64.ActiveCfg = Release|Win32
		{036647AC-824C-4111-8349-444414F7750A}.Win8 Debug|Win32.ActiveCfg = Debug|Win32
		{036647AC-824C-4111-8349-444414F7750A}.Win8 Debug|Win32.Build.0 = Debug|Win32
		{036647AC-824C-4111-8349-444414F7750A}.Win8 Debug|Win32.Deploy.0 = Debug|Win32
		{036647AC-824C-4111-8349-444414F7750A}.Win8 Debug|x64.ActiveCfg = Debug|Win32
		{036647AC-824C-4111-8349-444414F7750A}.Win8 Release|Win32.ActiveCfg = Release|Win32
		{036647AC-824C-4111-8349-444414F7750A}.Win8 Release|Win32.Build.0 = Release|Win32
		{036647AC-824C-4111-8349-444414F7750A}.Win8 Release|Win32.Deploy.0 = Release|Win32
		{036647AC-824C-4111-8349-444414F7750A}.Win8 Release|x64.ActiveCfg = Release|Win32
		{036647AC-824C-4111-8349-444414F7750A}.Win8.1 Debug|Win32.ActiveCfg = Debug|Win32
		{036647AC-824C-4111-8349-444414F7750A}.Win8.1 Debug|Win32.Build.0 = Debug|Win32
		{036647AC-824C-4111-8349-444414F7750A}.Win8.1 Debug|Win32.Deploy.0 = Debug|Win32
		{036647AC-824C-4111-8349-444414F7750A}.Win8.1 Debug|x64.ActiveCfg = Debug|Win32
		{036647AC-824C-4111-8349-444414F7750A}.Win8.1 Release|Win32.ActiveCfg = Release|Win32
		{036647AC-824C-4111-8349-444414F7750A}.Win8.1 Release|Win32.Build.0 = Release|Win32
		{036647AC-824C-4111-8349-444414F7750A}.Win8.1 Release|Win32.Deploy.0 = Release|Win32
		{036647AC-824C-4111-8349-444414F7750A}.Win8.1 Release|x64.ActiveCfg = Release|Win32
		{73CC87B1-96A5-4AAD-BBC4-DF8656EEA825}.Debug|Win32.ActiveCfg = Debug|Win32
		{73CC87B1-96A5-4AAD-BBC4-DF8656EEA825}.Debug|Win32.Build.0 = Debug|Win32
		{73CC87B1-96A5-4AAD-BBC4-DF8656EEA825}.Debug|x64.ActiveCfg = Debug|Win32
		{73CC87B1-96A5-4AAD-BBC4-DF8656EEA825}.Release|Win32.ActiveCfg = Release|Win32
		{73CC87B1-96A5-4AAD-BBC4-DF8656EEA825}.Release|Win32.Build.0 = Release|Win32
		{73CC87B1-96A5-4AAD-BBC4-DF8656EEA825}.Release|x64.ActiveCfg = Release|Win32
		{73CC87B1-96A5-4AAD-BBC4-DF8656EEA825}.Win7 Debug|Win32.ActiveCfg = Debug|Win32
		{73CC87B1-96A5-4AAD-BBC4-DF8656EEA825}.Win7 Debug|Win32.Build.0 = Debug|Win32
		{73CC87B1-96A5-4AAD-BBC4-DF8656EEA825}.Win7 Debug|x64.ActiveCfg = Debug|Win32
		{73CC87B1-96A5-4AAD-BBC4-DF8656EEA825}.Win7 Release|Win32.ActiveCfg = Release|Win32
		{73CC87B1-96A5-4AAD-BBC4-DF8656EEA825}.Win7 Release|Win32.Build.0 = Release|Win32
		{73CC87B1-96A5-4AAD-BBC4-DF8656EEA825}.Win7 Release|x64.ActiveCfg = Release|Win32
		{73CC87B1-96A5-4AAD-BBC4-DF8656EEA825}.Win8 Debug|Win32.ActiveCfg = Debug|Win32
		{73CC87B1-96A5-4AAD-BBC4-DF8656EEA825}.Win8 Debug|Win32.Build.0 = Debug|Win32
		{73CC87B1-96A5-4AAD-BBC4-DF8656EEA825}.Win8 Debug|x64.ActiveCfg = Debug|Win32
		{73CC87B1-96A5-4AAD-BBC4-DF8656EEA825}.Win8 Release|Win32.ActiveCfg = Release|Win32
		{73CC87B1-96A5-4AAD-BBC4-DF8656EEA825}.Win8 Release|Win32.Build.0 = Release|Win32
		{73CC87B1-96A5-4AAD-BBC4-DF8656EEA825}.Win8 Release|x64.ActiveCfg = Release|Win32
		{73CC87B1-96A5-4AAD-BBC4-DF8656EEA825}.Win8.1 Debug|Win32.ActiveCfg = Debug|Win32
		{73CC87B1-96A5-4AAD-BBC4-DF8656EEA825}.Win8.1 Debug|Win32.Build.0 = Debug|Win32
		{73CC87B1-96A5-4AAD-BBC4-DF8656EEA825}.Win8.1 Debug|x64.ActiveCfg = Debug|Win32
		{73CC87B1-96A5-4AAD-BBC4-DF8656EEA825}.Win8.1 Release|Win32.ActiveCfg = Release|Win32
		{73CC87B1-96A5-4AAD-BBC4-DF8656EEA825}.Win8.1 Release|Win32.Build.0 = Release|Win32
		{73CC87B1-96A5-4AAD-BBC4-DF8656EEA825}.Win8.1 Release|x64.ActiveCfg = Release|Win32
	EndGlobalSection
	GlobalSection(SolutionProperties) = preSolution
		HideSolutionNode = FALSE
	EndGlobalSection
EndGlobal
